
Microsoft Visual Studio Solution File, Format Version 12.00
# Visual Studio 2012
Project("{8BC9CEB8-8B4A-11D0-8D11-00A0C91BC942}") = "HAIL", "HAIL\HAIL.vcxproj", "{718D194A-D9AD-40A5-976E-9DA416711085}"
EndProject
Project("{8BC9CEB8-8B4A-11D0-8D11-00A0C91BC942}") = "SGE", "SGE\SGE.vcxproj", "{34282BBF-80BD-40A9-8B00-4B6955B5D24A}"
EndProject
Project("{8BC9CEB8-8B4A-11D0-8D11-00A0C91BC942}") = "PathfindingTest", "PathfindingTest\PathfindingTest.vcxproj", "{AF4E383A-3A38-452B-9DB9-AF879DD2FAB8}"
EndProject
Project("{8BC9CEB8-8B4A-11D0-8D11-00A0C91BC942}") = "SteeringTest", "SteeringTest\SteeringTest.vcxproj", "{B3FA48FC-91F9-4FF2-9C38-2DBCC552FE97}"
EndProject
Project("{8BC9CEB8-8B4A-11D0-8D11-00A0C91BC942}") = "FSMTest", "FSMTest\FSMTest.vcxproj", "{A2464D4E-07CA-42C3-9FEA-41D0981046AE}"
EndProject
Project("{8BC9CEB8-8B4A-11D0-8D11-00A0C91BC942}") = "PathPlanningTest", "PathPlanningTest\PathPlanningTest.vcxproj", "{153560D6-0027-4617-BEC8-7B0E02F9FF70}"
EndProject
Project("{8BC9CEB8-8B4A-11D0-8D11-00A0C91BC942}") = "FinalTest", "FinalTest\FinalTest.vcxproj", "{F041F2D6-4C77-4B45-9DDE-375057BAC231}"
EndProject
Global
	GlobalSection(SolutionConfigurationPlatforms) = preSolution
		Debug|Win32 = Debug|Win32
		Release|Win32 = Release|Win32
	EndGlobalSection
	GlobalSection(ProjectConfigurationPlatforms) = postSolution
		{718D194A-D9AD-40A5-976E-9DA416711085}.Debug|Win32.ActiveCfg = Debug|Win32
		{718D194A-D9AD-40A5-976E-9DA416711085}.Debug|Win32.Build.0 = Debug|Win32
		{718D194A-D9AD-40A5-976E-9DA416711085}.Release|Win32.ActiveCfg = Release|Win32
		{718D194A-D9AD-40A5-976E-9DA416711085}.Release|Win32.Build.0 = Release|Win32
		{34282BBF-80BD-40A9-8B00-4B6955B5D24A}.Debug|Win32.ActiveCfg = Debug|Win32
		{34282BBF-80BD-40A9-8B00-4B6955B5D24A}.Debug|Win32.Build.0 = Debug|Win32
		{34282BBF-80BD-40A9-8B00-4B6955B5D24A}.Release|Win32.ActiveCfg = Release|Win32
		{34282BBF-80BD-40A9-8B00-4B6955B5D24A}.Release|Win32.Build.0 = Release|Win32
		{AF4E383A-3A38-452B-9DB9-AF879DD2FAB8}.Debug|Win32.ActiveCfg = Debug|Win32
		{AF4E383A-3A38-452B-9DB9-AF879DD2FAB8}.Debug|Win32.Build.0 = Debug|Win32
		{AF4E383A-3A38-452B-9DB9-AF879DD2FAB8}.Release|Win32.ActiveCfg = Release|Win32
		{AF4E383A-3A38-452B-9DB9-AF879DD2FAB8}.Release|Win32.Build.0 = Release|Win32
		{B3FA48FC-91F9-4FF2-9C38-2DBCC552FE97}.Debug|Win32.ActiveCfg = Debug|Win32
		{B3FA48FC-91F9-4FF2-9C38-2DBCC552FE97}.Debug|Win32.Build.0 = Debug|Win32
		{B3FA48FC-91F9-4FF2-9C38-2DBCC552FE97}.Release|Win32.ActiveCfg = Release|Win32
		{B3FA48FC-91F9-4FF2-9C38-2DBCC552FE97}.Release|Win32.Build.0 = Release|Win32
		{A2464D4E-07CA-42C3-9FEA-41D0981046AE}.Debug|Win32.ActiveCfg = Debug|Win32
		{A2464D4E-07CA-42C3-9FEA-41D0981046AE}.Debug|Win32.Build.0 = Debug|Win32
		{A2464D4E-07CA-42C3-9FEA-41D0981046AE}.Release|Win32.ActiveCfg = Release|Win32
		{A2464D4E-07CA-42C3-9FEA-41D0981046AE}.Release|Win32.Build.0 = Release|Win32
		{153560D6-0027-4617-BEC8-7B0E02F9FF70}.Debug|Win32.ActiveCfg = Debug|Win32
		{153560D6-0027-4617-BEC8-7B0E02F9FF70}.Debug|Win32.Build.0 = Debug|Win32
		{153560D6-0027-4617-BEC8-7B0E02F9FF70}.Release|Win32.ActiveCfg = Release|Win32
		{153560D6-0027-4617-BEC8-7B0E02F9FF70}.Release|Win32.Build.0 = Release|Win32
		{F041F2D6-4C77-4B45-9DDE-375057BAC231}.Debug|Win32.ActiveCfg = Debug|Win32
		{F041F2D6-4C77-4B45-9DDE-375057BAC231}.Debug|Win32.Build.0 = Debug|Win32
		{F041F2D6-4C77-4B45-9DDE-375057BAC231}.Release|Win32.ActiveCfg = Release|Win32
		{F041F2D6-4C77-4B45-9DDE-375057BAC231}.Release|Win32.Build.0 = Release|Win32
	EndGlobalSection
	GlobalSection(SolutionProperties) = preSolution
		HideSolutionNode = FALSE
	EndGlobalSection
EndGlobal
